
Microsoft Visual Studio Solution File, Format Version 11.00
# Visual C# Express 2010
Project("{FAE04EC0-301F-11D3-BF4B-00C04F79EFBC}") = "Atatest", "ATA\Atatest.csproj", "{C4E3DD21-46CF-471D-96A9-C7DB89E1D57E}"
EndProject
Global
	GlobalSection(SolutionConfigurationPlatforms) = preSolution
		Debug|Any CPU = Debug|Any CPU
		Release|Any CPU = Release|Any CPU
	EndGlobalSection
	GlobalSection(ProjectConfigurationPlatforms) = postSolution
		{C4E3DD21-46CF-471D-96A9-C7DB89E1D57E}.Debug|Any CPU.ActiveCfg = Debug|Any CPU
		{C4E3DD21-46CF-471D-96A9-C7DB89E1D57E}.Debug|Any CPU.Build.0 = Debug|Any CPU
		{C4E3DD21-46CF-471D-96A9-C7DB89E1D57E}.Release|Any CPU.ActiveCfg = Release|Any CPU
		{C4E3DD21-46CF-471D-96A9-C7DB89E1D57E}.Release|Any CPU.Build.0 = Release|Any CPU
	EndGlobalSection
	GlobalSection(SolutionProperties) = preSolution
		HideSolutionNode = FALSE
	EndGlobalSection
EndGlobal
